// !$*UTF8*$!
{
	archiveVersion = 1;
	classes = {
	};
	objectVersion = 50;
	objects = {

/* Begin PBXBuildFile section */
		1ED8BAF103DAC9EF083372B6 /* Pods_MemberManagement.framework in Frameworks */ = {isa = PBXBuildFile; fileRef = B98835E0F84B32422B679FD1 /* Pods_MemberManagement.framework */; };
		655501D921AB888F00A25B59 /* MovieListController.swift in Sources */ = {isa = PBXBuildFile; fileRef = 655501D821AB888F00A25B59 /* MovieListController.swift */; };
		655501DD21AB9BA500A25B59 /* MovieVO.swift in Sources */ = {isa = PBXBuildFile; fileRef = 655501DC21AB9BA500A25B59 /* MovieVO.swift */; };
		655501E121ABA9B300A25B59 /* MovieCell.swift in Sources */ = {isa = PBXBuildFile; fileRef = 655501E021ABA9B300A25B59 /* MovieCell.swift */; };
		659BBB8D21A50E3A009B8CA7 /* AppDelegate.swift in Sources */ = {isa = PBXBuildFile; fileRef = 659BBB8C21A50E3A009B8CA7 /* AppDelegate.swift */; };
		659BBB8F21A50E3A009B8CA7 /* ViewController.swift in Sources */ = {isa = PBXBuildFile; fileRef = 659BBB8E21A50E3A009B8CA7 /* ViewController.swift */; };
		659BBB9221A50E3A009B8CA7 /* Main.storyboard in Resources */ = {isa = PBXBuildFile; fileRef = 659BBB9021A50E3A009B8CA7 /* Main.storyboard */; };
		659BBB9421A50E3B009B8CA7 /* Assets.xcassets in Resources */ = {isa = PBXBuildFile; fileRef = 659BBB9321A50E3B009B8CA7 /* Assets.xcassets */; };
		659BBB9721A50E3B009B8CA7 /* LaunchScreen.storyboard in Resources */ = {isa = PBXBuildFile; fileRef = 659BBB9521A50E3B009B8CA7 /* LaunchScreen.storyboard */; };
		659BBBA521A50E64009B8CA7 /* AppDelegate.swift in Sources */ = {isa = PBXBuildFile; fileRef = 659BBBA421A50E64009B8CA7 /* AppDelegate.swift */; };
		659BBBA721A50E64009B8CA7 /* ViewController.swift in Sources */ = {isa = PBXBuildFile; fileRef = 659BBBA621A50E64009B8CA7 /* ViewController.swift */; };
		659BBBAA21A50E64009B8CA7 /* Main.storyboard in Resources */ = {isa = PBXBuildFile; fileRef = 659BBBA821A50E64009B8CA7 /* Main.storyboard */; };
		659BBBAC21A50E64009B8CA7 /* Assets.xcassets in Resources */ = {isa = PBXBuildFile; fileRef = 659BBBAB21A50E64009B8CA7 /* Assets.xcassets */; };
		659BBBAF21A50E64009B8CA7 /* LaunchScreen.storyboard in Resources */ = {isa = PBXBuildFile; fileRef = 659BBBAD21A50E64009B8CA7 /* LaunchScreen.storyboard */; };
		65D5331321ACDCDF006173B6 /* DetailViewController.swift in Sources */ = {isa = PBXBuildFile; fileRef = 65D5331221ACDCDF006173B6 /* DetailViewController.swift */; };
		65D5331521ACF9BA006173B6 /* TheaterListController.swift in Sources */ = {isa = PBXBuildFile; fileRef = 65D5331421ACF9BA006173B6 /* TheaterListController.swift */; };
		65D5331721AD12B3006173B6 /* TheaterCell.swift in Sources */ = {isa = PBXBuildFile; fileRef = 65D5331621AD12B3006173B6 /* TheaterCell.swift */; };
		65D5332C21AE1EF8006173B6 /* DisplayMapViewController.swift in Sources */ = {isa = PBXBuildFile; fileRef = 65D5332B21AE1EF8006173B6 /* DisplayMapViewController.swift */; };
		65D5333221AE3281006173B6 /* MemoListVC.swift in Sources */ = {isa = PBXBuildFile; fileRef = 65D5333121AE3281006173B6 /* MemoListVC.swift */; };
		65D5333521AE412D006173B6 /* MemoFormVC.swift in Sources */ = {isa = PBXBuildFile; fileRef = 65D5333421AE412D006173B6 /* MemoFormVC.swift */; };
		65D5333721AE611A006173B6 /* MemoReadVC.swift in Sources */ = {isa = PBXBuildFile; fileRef = 65D5333621AE611A006173B6 /* MemoReadVC.swift */; };
		65D5333921AE69AE006173B6 /* MemoVO.swift in Sources */ = {isa = PBXBuildFile; fileRef = 65D5333821AE69AE006173B6 /* MemoVO.swift */; };
		828B9CBB0D4F189930682102 /* Pods_SampleIOS.framework in Frameworks */ = {isa = PBXBuildFile; fileRef = 3FF6A7B301F71DDBEE67B0C4 /* Pods_SampleIOS.framework */; };
/* End PBXBuildFile section */

/* Begin PBXFileReference section */
		133D195E7EB8ECC5EC110F12 /* Pods-MemberManagement.debug.xcconfig */ = {isa = PBXFileReference; includeInIndex = 1; lastKnownFileType = text.xcconfig; name = "Pods-MemberManagement.debug.xcconfig"; path = "Pods/Target Support Files/Pods-MemberManagement/Pods-MemberManagement.debug.xcconfig"; sourceTree = "<group>"; };
		2291E49A0D9C5D22AF38D0B2 /* Pods-SampleIOS.release.xcconfig */ = {isa = PBXFileReference; includeInIndex = 1; lastKnownFileType = text.xcconfig; name = "Pods-SampleIOS.release.xcconfig"; path = "Pods/Target Support Files/Pods-SampleIOS/Pods-SampleIOS.release.xcconfig"; sourceTree = "<group>"; };
		3FF6A7B301F71DDBEE67B0C4 /* Pods_SampleIOS.framework */ = {isa = PBXFileReference; explicitFileType = wrapper.framework; includeInIndex = 0; path = Pods_SampleIOS.framework; sourceTree = BUILT_PRODUCTS_DIR; };
		56C03493948913E2F2561C24 /* Pods-MemberManagement.release.xcconfig */ = {isa = PBXFileReference; includeInIndex = 1; lastKnownFileType = text.xcconfig; name = "Pods-MemberManagement.release.xcconfig"; path = "Pods/Target Support Files/Pods-MemberManagement/Pods-MemberManagement.release.xcconfig"; sourceTree = "<group>"; };
		655501D821AB888F00A25B59 /* MovieListController.swift */ = {isa = PBXFileReference; lastKnownFileType = sourcecode.swift; path = MovieListController.swift; sourceTree = "<group>"; };
		655501DC21AB9BA500A25B59 /* MovieVO.swift */ = {isa = PBXFileReference; lastKnownFileType = sourcecode.swift; path = MovieVO.swift; sourceTree = "<group>"; };
		655501E021ABA9B300A25B59 /* MovieCell.swift */ = {isa = PBXFileReference; lastKnownFileType = sourcecode.swift; path = MovieCell.swift; sourceTree = "<group>"; };
		659BBB8921A50E3A009B8CA7 /* SampleIOS.app */ = {isa = PBXFileReference; explicitFileType = wrapper.application; includeInIndex = 0; path = SampleIOS.app; sourceTree = BUILT_PRODUCTS_DIR; };
		659BBB8C21A50E3A009B8CA7 /* AppDelegate.swift */ = {isa = PBXFileReference; lastKnownFileType = sourcecode.swift; path = AppDelegate.swift; sourceTree = "<group>"; };
		659BBB8E21A50E3A009B8CA7 /* ViewController.swift */ = {isa = PBXFileReference; lastKnownFileType = sourcecode.swift; path = ViewController.swift; sourceTree = "<group>"; };
		659BBB9121A50E3A009B8CA7 /* Base */ = {isa = PBXFileReference; lastKnownFileType = file.storyboard; name = Base; path = Base.lproj/Main.storyboard; sourceTree = "<group>"; };
		659BBB9321A50E3B009B8CA7 /* Assets.xcassets */ = {isa = PBXFileReference; lastKnownFileType = folder.assetcatalog; path = Assets.xcassets; sourceTree = "<group>"; };
		659BBB9621A50E3B009B8CA7 /* Base */ = {isa = PBXFileReference; lastKnownFileType = file.storyboard; name = Base; path = Base.lproj/LaunchScreen.storyboard; sourceTree = "<group>"; };
		659BBB9821A50E3B009B8CA7 /* Info.plist */ = {isa = PBXFileReference; lastKnownFileType = text.plist.xml; path = Info.plist; sourceTree = "<group>"; };
		659BBBA221A50E64009B8CA7 /* MemberManagement.app */ = {isa = PBXFileReference; explicitFileType = wrapper.application; includeInIndex = 0; path = MemberManagement.app; sourceTree = BUILT_PRODUCTS_DIR; };
		659BBBA421A50E64009B8CA7 /* AppDelegate.swift */ = {isa = PBXFileReference; lastKnownFileType = sourcecode.swift; path = AppDelegate.swift; sourceTree = "<group>"; };
		659BBBA621A50E64009B8CA7 /* ViewController.swift */ = {isa = PBXFileReference; lastKnownFileType = sourcecode.swift; path = ViewController.swift; sourceTree = "<group>"; };
		659BBBA921A50E64009B8CA7 /* Base */ = {isa = PBXFileReference; lastKnownFileType = file.storyboard; name = Base; path = Base.lproj/Main.storyboard; sourceTree = "<group>"; };
		659BBBAB21A50E64009B8CA7 /* Assets.xcassets */ = {isa = PBXFileReference; lastKnownFileType = folder.assetcatalog; path = Assets.xcassets; sourceTree = "<group>"; };
		659BBBAE21A50E64009B8CA7 /* Base */ = {isa = PBXFileReference; lastKnownFileType = file.storyboard; name = Base; path = Base.lproj/LaunchScreen.storyboard; sourceTree = "<group>"; };
		659BBBB021A50E64009B8CA7 /* Info.plist */ = {isa = PBXFileReference; lastKnownFileType = text.plist.xml; path = Info.plist; sourceTree = "<group>"; };
		65D5331221ACDCDF006173B6 /* DetailViewController.swift */ = {isa = PBXFileReference; lastKnownFileType = sourcecode.swift; path = DetailViewController.swift; sourceTree = "<group>"; };
		65D5331421ACF9BA006173B6 /* TheaterListController.swift */ = {isa = PBXFileReference; lastKnownFileType = sourcecode.swift; path = TheaterListController.swift; sourceTree = "<group>"; };
		65D5331621AD12B3006173B6 /* TheaterCell.swift */ = {isa = PBXFileReference; lastKnownFileType = sourcecode.swift; path = TheaterCell.swift; sourceTree = "<group>"; };
		65D5332B21AE1EF8006173B6 /* DisplayMapViewController.swift */ = {isa = PBXFileReference; lastKnownFileType = sourcecode.swift; path = DisplayMapViewController.swift; sourceTree = "<group>"; };
		65D5333121AE3281006173B6 /* MemoListVC.swift */ = {isa = PBXFileReference; lastKnownFileType = sourcecode.swift; path = MemoListVC.swift; sourceTree = "<group>"; };
		65D5333421AE412D006173B6 /* MemoFormVC.swift */ = {isa = PBXFileReference; lastKnownFileType = sourcecode.swift; path = MemoFormVC.swift; sourceTree = "<group>"; };
		65D5333621AE611A006173B6 /* MemoReadVC.swift */ = {isa = PBXFileReference; lastKnownFileType = sourcecode.swift; path = MemoReadVC.swift; sourceTree = "<group>"; };
		65D5333821AE69AE006173B6 /* MemoVO.swift */ = {isa = PBXFileReference; lastKnownFileType = sourcecode.swift; path = MemoVO.swift; sourceTree = "<group>"; };
		8AF1BB33E9B96254E5D78B4D /* Pods-SampleIOS.debug.xcconfig */ = {isa = PBXFileReference; includeInIndex = 1; lastKnownFileType = text.xcconfig; name = "Pods-SampleIOS.debug.xcconfig"; path = "Pods/Target Support Files/Pods-SampleIOS/Pods-SampleIOS.debug.xcconfig"; sourceTree = "<group>"; };
		B98835E0F84B32422B679FD1 /* Pods_MemberManagement.framework */ = {isa = PBXFileReference; explicitFileType = wrapper.framework; includeInIndex = 0; path = Pods_MemberManagement.framework; sourceTree = BUILT_PRODUCTS_DIR; };
/* End PBXFileReference section */

/* Begin PBXFrameworksBuildPhase section */
		659BBB8621A50E3A009B8CA7 /* Frameworks */ = {
			isa = PBXFrameworksBuildPhase;
			buildActionMask = 2147483647;
			files = (
				828B9CBB0D4F189930682102 /* Pods_SampleIOS.framework in Frameworks */,
			);
			runOnlyForDeploymentPostprocessing = 0;
		};
		659BBB9F21A50E64009B8CA7 /* Frameworks */ = {
			isa = PBXFrameworksBuildPhase;
			buildActionMask = 2147483647;
			files = (
				1ED8BAF103DAC9EF083372B6 /* Pods_MemberManagement.framework in Frameworks */,
			);
			runOnlyForDeploymentPostprocessing = 0;
		};
/* End PBXFrameworksBuildPhase section */

/* Begin PBXGroup section */
		4A84924B780382F4F89F1F6A /* Pods */ = {
			isa = PBXGroup;
			children = (
				133D195E7EB8ECC5EC110F12 /* Pods-MemberManagement.debug.xcconfig */,
				56C03493948913E2F2561C24 /* Pods-MemberManagement.release.xcconfig */,
				8AF1BB33E9B96254E5D78B4D /* Pods-SampleIOS.debug.xcconfig */,
				2291E49A0D9C5D22AF38D0B2 /* Pods-SampleIOS.release.xcconfig */,
			);
			name = Pods;
			sourceTree = "<group>";
		};
		659BBB8021A50E3A009B8CA7 = {
			isa = PBXGroup;
			children = (
				659BBB8B21A50E3A009B8CA7 /* SampleIOS */,
				659BBBA321A50E64009B8CA7 /* MemberManagement */,
				659BBB8A21A50E3A009B8CA7 /* Products */,
				4A84924B780382F4F89F1F6A /* Pods */,
				7704950A469682268C954EEB /* Frameworks */,
			);
			sourceTree = "<group>";
		};
		659BBB8A21A50E3A009B8CA7 /* Products */ = {
			isa = PBXGroup;
			children = (
				659BBB8921A50E3A009B8CA7 /* SampleIOS.app */,
				659BBBA221A50E64009B8CA7 /* MemberManagement.app */,
			);
			name = Products;
			sourceTree = "<group>";
		};
		659BBB8B21A50E3A009B8CA7 /* SampleIOS */ = {
			isa = PBXGroup;
			children = (
				659BBB8C21A50E3A009B8CA7 /* AppDelegate.swift */,
				659BBB8E21A50E3A009B8CA7 /* ViewController.swift */,
				659BBB9021A50E3A009B8CA7 /* Main.storyboard */,
				659BBB9321A50E3B009B8CA7 /* Assets.xcassets */,
				659BBB9521A50E3B009B8CA7 /* LaunchScreen.storyboard */,
				659BBB9821A50E3B009B8CA7 /* Info.plist */,
			);
			path = SampleIOS;
			sourceTree = "<group>";
		};
		659BBBA321A50E64009B8CA7 /* MemberManagement */ = {
			isa = PBXGroup;
			children = (
				65D5333321AE3286006173B6 /* 메모애플리케이션 */,
				65D5333021AE31F8006173B6 /* 영화애플리케이션 */,
				659BBBA421A50E64009B8CA7 /* AppDelegate.swift */,
				659BBBA621A50E64009B8CA7 /* ViewController.swift */,
				659BBBA821A50E64009B8CA7 /* Main.storyboard */,
				659BBBAB21A50E64009B8CA7 /* Assets.xcassets */,
				659BBBAD21A50E64009B8CA7 /* LaunchScreen.storyboard */,
				659BBBB021A50E64009B8CA7 /* Info.plist */,
			);
			path = MemberManagement;
			sourceTree = "<group>";
		};
		65D5332D21AE2C29006173B6 /* 극장 */ = {
			isa = PBXGroup;
			children = (
				65D5332B21AE1EF8006173B6 /* DisplayMapViewController.swift */,
				65D5331421ACF9BA006173B6 /* TheaterListController.swift */,
				65D5331621AD12B3006173B6 /* TheaterCell.swift */,
			);
			name = "극장";
			path = "극장";
			sourceTree = "<group>";
		};
		65D5332F21AE2C7A006173B6 /* 영화 */ = {
			isa = PBXGroup;
			children = (
				655501D821AB888F00A25B59 /* MovieListController.swift */,
				655501DC21AB9BA500A25B59 /* MovieVO.swift */,
				655501E021ABA9B300A25B59 /* MovieCell.swift */,
				65D5331221ACDCDF006173B6 /* DetailViewController.swift */,
			);
			name = "영화";
			path = "영화";
			sourceTree = "<group>";
		};
		65D5333021AE31F8006173B6 /* 영화애플리케이션 */ = {
			isa = PBXGroup;
			children = (
				65D5332D21AE2C29006173B6 /* 극장 */,
				65D5332F21AE2C7A006173B6 /* 영화 */,
			);
			name = "영화애플리케이션";
			path = "영화어플리케이션";
			sourceTree = "<group>";
		};
		65D5333321AE3286006173B6 /* 메모애플리케이션 */ = {
			isa = PBXGroup;
			children = (
				65D5333121AE3281006173B6 /* MemoListVC.swift */,
				65D5333421AE412D006173B6 /* MemoFormVC.swift */,
				65D5333621AE611A006173B6 /* MemoReadVC.swift */,
				65D5333821AE69AE006173B6 /* MemoVO.swift */,
			);
			name = "메모애플리케이션";
			path = "메모어플리케이션";
			sourceTree = "<group>";
		};
		7704950A469682268C954EEB /* Frameworks */ = {
			isa = PBXGroup;
			children = (
				B98835E0F84B32422B679FD1 /* Pods_MemberManagement.framework */,
				3FF6A7B301F71DDBEE67B0C4 /* Pods_SampleIOS.framework */,
			);
			name = Frameworks;
			sourceTree = "<group>";
		};
/* End PBXGroup section */

/* Begin PBXNativeTarget section */
		659BBB8821A50E3A009B8CA7 /* SampleIOS */ = {
			isa = PBXNativeTarget;
			buildConfigurationList = 659BBB9B21A50E3B009B8CA7 /* Build configuration list for PBXNativeTarget "SampleIOS" */;
			buildPhases = (
				6D7066978094CD8BB3FE6727 /* [CP] Check Pods Manifest.lock */,
				659BBB8521A50E3A009B8CA7 /* Sources */,
				659BBB8621A50E3A009B8CA7 /* Frameworks */,
				659BBB8721A50E3A009B8CA7 /* Resources */,
			);
			buildRules = (
			);
			dependencies = (
			);
			name = SampleIOS;
			productName = SampleIOS;
			productReference = 659BBB8921A50E3A009B8CA7 /* SampleIOS.app */;
			productType = "com.apple.product-type.application";
		};
		659BBBA121A50E64009B8CA7 /* MemberManagement */ = {
			isa = PBXNativeTarget;
			buildConfigurationList = 659BBBB121A50E64009B8CA7 /* Build configuration list for PBXNativeTarget "MemberManagement" */;
			buildPhases = (
				E5C3DDECFDABA36AC1B5BF7B /* [CP] Check Pods Manifest.lock */,
				659BBB9E21A50E64009B8CA7 /* Sources */,
				659BBB9F21A50E64009B8CA7 /* Frameworks */,
				659BBBA021A50E64009B8CA7 /* Resources */,
				BDC7682DD463A96A2972D866 /* [CP] Embed Pods Frameworks */,
			);
			buildRules = (
			);
			dependencies = (
			);
			name = MemberManagement;
			productName = MemberManagement;
			productReference = 659BBBA221A50E64009B8CA7 /* MemberManagement.app */;
			productType = "com.apple.product-type.application";
		};
/* End PBXNativeTarget section */

/* Begin PBXProject section */
		659BBB8121A50E3A009B8CA7 /* Project object */ = {
			isa = PBXProject;
			attributes = {
				LastSwiftUpdateCheck = 1010;
				LastUpgradeCheck = 1010;
				ORGANIZATIONNAME = the;
				TargetAttributes = {
					659BBB8821A50E3A009B8CA7 = {
						CreatedOnToolsVersion = 10.1;
					};
					659BBBA121A50E64009B8CA7 = {
						CreatedOnToolsVersion = 10.1;
					};
				};
			};
			buildConfigurationList = 659BBB8421A50E3A009B8CA7 /* Build configuration list for PBXProject "SampleIOS" */;
			compatibilityVersion = "Xcode 9.3";
			developmentRegion = en;
			hasScannedForEncodings = 0;
			knownRegions = (
				en,
				Base,
			);
			mainGroup = 659BBB8021A50E3A009B8CA7;
			productRefGroup = 659BBB8A21A50E3A009B8CA7 /* Products */;
			projectDirPath = "";
			projectRoot = "";
			targets = (
				659BBB8821A50E3A009B8CA7 /* SampleIOS */,
				659BBBA121A50E64009B8CA7 /* MemberManagement */,
			);
		};
/* End PBXProject section */

/* Begin PBXResourcesBuildPhase section */
		659BBB8721A50E3A009B8CA7 /* Resources */ = {
			isa = PBXResourcesBuildPhase;
			buildActionMask = 2147483647;
			files = (
				659BBB9721A50E3B009B8CA7 /* LaunchScreen.storyboard in Resources */,
				659BBB9421A50E3B009B8CA7 /* Assets.xcassets in Resources */,
				659BBB9221A50E3A009B8CA7 /* Main.storyboard in Resources */,
			);
			runOnlyForDeploymentPostprocessing = 0;
		};
		659BBBA021A50E64009B8CA7 /* Resources */ = {
			isa = PBXResourcesBuildPhase;
			buildActionMask = 2147483647;
			files = (
				659BBBAF21A50E64009B8CA7 /* LaunchScreen.storyboard in Resources */,
				659BBBAC21A50E64009B8CA7 /* Assets.xcassets in Resources */,
				659BBBAA21A50E64009B8CA7 /* Main.storyboard in Resources */,
			);
			runOnlyForDeploymentPostprocessing = 0;
		};
/* End PBXResourcesBuildPhase section */

/* Begin PBXShellScriptBuildPhase section */
		6D7066978094CD8BB3FE6727 /* [CP] Check Pods Manifest.lock */ = {
			isa = PBXShellScriptBuildPhase;
			buildActionMask = 2147483647;
			files = (
			);
			inputFileListPaths = (
			);
			inputPaths = (
				"${PODS_PODFILE_DIR_PATH}/Podfile.lock",
				"${PODS_ROOT}/Manifest.lock",
			);
			name = "[CP] Check Pods Manifest.lock";
			outputFileListPaths = (
			);
			outputPaths = (
				"$(DERIVED_FILE_DIR)/Pods-SampleIOS-checkManifestLockResult.txt",
			);
			runOnlyForDeploymentPostprocessing = 0;
			shellPath = /bin/sh;
			shellScript = "diff \"${PODS_PODFILE_DIR_PATH}/Podfile.lock\" \"${PODS_ROOT}/Manifest.lock\" > /dev/null\nif [ $? != 0 ] ; then\n    # print error to STDERR\n    echo \"error: The sandbox is not in sync with the Podfile.lock. Run 'pod install' or update your CocoaPods installation.\" >&2\n    exit 1\nfi\n# This output is used by Xcode 'outputs' to avoid re-running this script phase.\necho \"SUCCESS\" > \"${SCRIPT_OUTPUT_FILE_0}\"\n";
			showEnvVarsInLog = 0;
		};
		BDC7682DD463A96A2972D866 /* [CP] Embed Pods Frameworks */ = {
			isa = PBXShellScriptBuildPhase;
			buildActionMask = 2147483647;
			files = (
			);
			inputFileListPaths = (
			);
			inputPaths = (
				"${SRCROOT}/Pods/Target Support Files/Pods-MemberManagement/Pods-MemberManagement-frameworks.sh",
				"${BUILT_PRODUCTS_DIR}/Alamofire/Alamofire.framework",
			);
			name = "[CP] Embed Pods Frameworks";
			outputFileListPaths = (
			);
			outputPaths = (
				"${TARGET_BUILD_DIR}/${FRAMEWORKS_FOLDER_PATH}/Alamofire.framework",
			);
			runOnlyForDeploymentPostprocessing = 0;
			shellPath = /bin/sh;
			shellScript = "\"${SRCROOT}/Pods/Target Support Files/Pods-MemberManagement/Pods-MemberManagement-frameworks.sh\"\n";
			showEnvVarsInLog = 0;
		};
		E5C3DDECFDABA36AC1B5BF7B /* [CP] Check Pods Manifest.lock */ = {
			isa = PBXShellScriptBuildPhase;
			buildActionMask = 2147483647;
			files = (
			);
			inputFileListPaths = (
			);
			inputPaths = (
				"${PODS_PODFILE_DIR_PATH}/Podfile.lock",
				"${PODS_ROOT}/Manifest.lock",
			);
			name = "[CP] Check Pods Manifest.lock";
			outputFileListPaths = (
			);
			outputPaths = (
				"$(DERIVED_FILE_DIR)/Pods-MemberManagement-checkManifestLockResult.txt",
			);
			runOnlyForDeploymentPostprocessing = 0;
			shellPath = /bin/sh;
			shellScript = "diff \"${PODS_PODFILE_DIR_PATH}/Podfile.lock\" \"${PODS_ROOT}/Manifest.lock\" > /dev/null\nif [ $? != 0 ] ; then\n    # print error to STDERR\n    echo \"error: The sandbox is not in sync with the Podfile.lock. Run 'pod install' or update your CocoaPods installation.\" >&2\n    exit 1\nfi\n# This output is used by Xcode 'outputs' to avoid re-running this script phase.\necho \"SUCCESS\" > \"${SCRIPT_OUTPUT_FILE_0}\"\n";
			showEnvVarsInLog = 0;
		};
/* End PBXShellScriptBuildPhase section */

/* Begin PBXSourcesBuildPhase section */
		659BBB8521A50E3A009B8CA7 /* Sources */ = {
			isa = PBXSourcesBuildPhase;
			buildActionMask = 2147483647;
			files = (
				659BBB8F21A50E3A009B8CA7 /* ViewController.swift in Sources */,
				659BBB8D21A50E3A009B8CA7 /* AppDelegate.swift in Sources */,
			);
			runOnlyForDeploymentPostprocessing = 0;
		};
		659BBB9E21A50E64009B8CA7 /* Sources */ = {
			isa = PBXSourcesBuildPhase;
			buildActionMask = 2147483647;
			files = (
				659BBBA721A50E64009B8CA7 /* ViewController.swift in Sources */,
				65D5333521AE412D006173B6 /* MemoFormVC.swift in Sources */,
				65D5333721AE611A006173B6 /* MemoReadVC.swift in Sources */,
				65D5331721AD12B3006173B6 /* TheaterCell.swift in Sources */,
				655501DD21AB9BA500A25B59 /* MovieVO.swift in Sources */,
				65D5332C21AE1EF8006173B6 /* DisplayMapViewController.swift in Sources */,
				655501D921AB888F00A25B59 /* MovieListController.swift in Sources */,
				65D5333921AE69AE006173B6 /* MemoVO.swift in Sources */,
				65D5331321ACDCDF006173B6 /* DetailViewController.swift in Sources */,
				65D5333221AE3281006173B6 /* MemoListVC.swift in Sources */,
				65D5331521ACF9BA006173B6 /* TheaterListController.swift in Sources */,
				655501E121ABA9B300A25B59 /* MovieCell.swift in Sources */,
				659BBBA521A50E64009B8CA7 /* AppDelegate.swift in Sources */,
			);
			runOnlyForDeploymentPostprocessing = 0;
		};
/* End PBXSourcesBuildPhase section */

/* Begin PBXVariantGroup section */
		659BBB9021A50E3A009B8CA7 /* Main.storyboard */ = {
			isa = PBXVariantGroup;
			children = (
				659BBB9121A50E3A009B8CA7 /* Base */,
			);
			name = Main.storyboard;
			sourceTree = "<group>";
		};
		659BBB9521A50E3B009B8CA7 /* LaunchScreen.storyboard */ = {
			isa = PBXVariantGroup;
			children = (
				659BBB9621A50E3B009B8CA7 /* Base */,
			);
			name = LaunchScreen.storyboard;
			sourceTree = "<group>";
		};
		659BBBA821A50E64009B8CA7 /* Main.storyboard */ = {
			isa = PBXVariantGroup;
			children = (
				659BBBA921A50E64009B8CA7 /* Base */,
			);
			name = Main.storyboard;
			sourceTree = "<group>";
		};
		659BBBAD21A50E64009B8CA7 /* LaunchScreen.storyboard */ = {
			isa = PBXVariantGroup;
			children = (
				659BBBAE21A50E64009B8CA7 /* Base */,
			);
			name = LaunchScreen.storyboard;
			sourceTree = "<group>";
		};
/* End PBXVariantGroup section */

/* Begin XCBuildConfiguration section */
		659BBB9921A50E3B009B8CA7 /* Debug */ = {
			isa = XCBuildConfiguration;
			buildSettings = {
				ALWAYS_SEARCH_USER_PATHS = NO;
				CLANG_ANALYZER_NONNULL = YES;
				CLANG_ANALYZER_NUMBER_OBJECT_CONVERSION = YES_AGGRESSIVE;
				CLANG_CXX_LANGUAGE_STANDARD = "gnu++14";
				CLANG_CXX_LIBRARY = "libc++";
				CLANG_ENABLE_MODULES = YES;
				CLANG_ENABLE_OBJC_ARC = YES;
				CLANG_ENABLE_OBJC_WEAK = YES;
				CLANG_WARN_BLOCK_CAPTURE_AUTORELEASING = YES;
				CLANG_WARN_BOOL_CONVERSION = YES;
				CLANG_WARN_COMMA = YES;
				CLANG_WARN_CONSTANT_CONVERSION = YES;
				CLANG_WARN_DEPRECATED_OBJC_IMPLEMENTATIONS = YES;
				CLANG_WARN_DIRECT_OBJC_ISA_USAGE = YES_ERROR;
				CLANG_WARN_DOCUMENTATION_COMMENTS = YES;
				CLANG_WARN_EMPTY_BODY = YES;
				CLANG_WARN_ENUM_CONVERSION = YES;
				CLANG_WARN_INFINITE_RECURSION = YES;
				CLANG_WARN_INT_CONVERSION = YES;
				CLANG_WARN_NON_LITERAL_NULL_CONVERSION = YES;
				CLANG_WARN_OBJC_IMPLICIT_RETAIN_SELF = YES;
				CLANG_WARN_OBJC_LITERAL_CONVERSION = YES;
				CLANG_WARN_OBJC_ROOT_CLASS = YES_ERROR;
				CLANG_WARN_RANGE_LOOP_ANALYSIS = YES;
				CLANG_WARN_STRICT_PROTOTYPES = YES;
				CLANG_WARN_SUSPICIOUS_MOVE = YES;
				CLANG_WARN_UNGUARDED_AVAILABILITY = YES_AGGRESSIVE;
				CLANG_WARN_UNREACHABLE_CODE = YES;
				CLANG_WARN__DUPLICATE_METHOD_MATCH = YES;
				CODE_SIGN_IDENTITY = "iPhone Developer";
				COPY_PHASE_STRIP = NO;
				DEBUG_INFORMATION_FORMAT = dwarf;
				ENABLE_STRICT_OBJC_MSGSEND = YES;
				ENABLE_TESTABILITY = YES;
				GCC_C_LANGUAGE_STANDARD = gnu11;
				GCC_DYNAMIC_NO_PIC = NO;
				GCC_NO_COMMON_BLOCKS = YES;
				GCC_OPTIMIZATION_LEVEL = 0;
				GCC_PREPROCESSOR_DEFINITIONS = (
					"DEBUG=1",
					"$(inherited)",
				);
				GCC_WARN_64_TO_32_BIT_CONVERSION = YES;
				GCC_WARN_ABOUT_RETURN_TYPE = YES_ERROR;
				GCC_WARN_UNDECLARED_SELECTOR = YES;
				GCC_WARN_UNINITIALIZED_AUTOS = YES_AGGRESSIVE;
				GCC_WARN_UNUSED_FUNCTION = YES;
				GCC_WARN_UNUSED_VARIABLE = YES;
				IPHONEOS_DEPLOYMENT_TARGET = 12.1;
				MTL_ENABLE_DEBUG_INFO = INCLUDE_SOURCE;
				MTL_FAST_MATH = YES;
				ONLY_ACTIVE_ARCH = YES;
				SDKROOT = iphoneos;
				SWIFT_ACTIVE_COMPILATION_CONDITIONS = DEBUG;
				SWIFT_OPTIMIZATION_LEVEL = "-Onone";
			};
			name = Debug;
		};
		659BBB9A21A50E3B009B8CA7 /* Release */ = {
			isa = XCBuildConfiguration;
			buildSettings = {
				ALWAYS_SEARCH_USER_PATHS = NO;
				CLANG_ANALYZER_NONNULL = YES;
				CLANG_ANALYZER_NUMBER_OBJECT_CONVERSION = YES_AGGRESSIVE;
				CLANG_CXX_LANGUAGE_STANDARD = "gnu++14";
				CLANG_CXX_LIBRARY = "libc++";
				CLANG_ENABLE_MODULES = YES;
				CLANG_ENABLE_OBJC_ARC = YES;
				CLANG_ENABLE_OBJC_WEAK = YES;
				CLANG_WARN_BLOCK_CAPTURE_AUTORELEASING = YES;
				CLANG_WARN_BOOL_CONVERSION = YES;
				CLANG_WARN_COMMA = YES;
				CLANG_WARN_CONSTANT_CONVERSION = YES;
				CLANG_WARN_DEPRECATED_OBJC_IMPLEMENTATIONS = YES;
				CLANG_WARN_DIRECT_OBJC_ISA_USAGE = YES_ERROR;
				CLANG_WARN_DOCUMENTATION_COMMENTS = YES;
				CLANG_WARN_EMPTY_BODY = YES;
				CLANG_WARN_ENUM_CONVERSION = YES;
				CLANG_WARN_INFINITE_RECURSION = YES;
				CLANG_WARN_INT_CONVERSION = YES;
				CLANG_WARN_NON_LITERAL_NULL_CONVERSION = YES;
				CLANG_WARN_OBJC_IMPLICIT_RETAIN_SELF = YES;
				CLANG_WARN_OBJC_LITERAL_CONVERSION = YES;
				CLANG_WARN_OBJC_ROOT_CLASS = YES_ERROR;
				CLANG_WARN_RANGE_LOOP_ANALYSIS = YES;
				CLANG_WARN_STRICT_PROTOTYPES = YES;
				CLANG_WARN_SUSPICIOUS_MOVE = YES;
				CLANG_WARN_UNGUARDED_AVAILABILITY = YES_AGGRESSIVE;
				CLANG_WARN_UNREACHABLE_CODE = YES;
				CLANG_WARN__DUPLICATE_METHOD_MATCH = YES;
				CODE_SIGN_IDENTITY = "iPhone Developer";
				COPY_PHASE_STRIP = NO;
				DEBUG_INFORMATION_FORMAT = "dwarf-with-dsym";
				ENABLE_NS_ASSERTIONS = NO;
				ENABLE_STRICT_OBJC_MSGSEND = YES;
				GCC_C_LANGUAGE_STANDARD = gnu11;
				GCC_NO_COMMON_BLOCKS = YES;
				GCC_WARN_64_TO_32_BIT_CONVERSION = YES;
				GCC_WARN_ABOUT_RETURN_TYPE = YES_ERROR;
				GCC_WARN_UNDECLARED_SELECTOR = YES;
				GCC_WARN_UNINITIALIZED_AUTOS = YES_AGGRESSIVE;
				GCC_WARN_UNUSED_FUNCTION = YES;
				GCC_WARN_UNUSED_VARIABLE = YES;
				IPHONEOS_DEPLOYMENT_TARGET = 12.1;
				MTL_ENABLE_DEBUG_INFO = NO;
				MTL_FAST_MATH = YES;
				SDKROOT = iphoneos;
				SWIFT_COMPILATION_MODE = wholemodule;
				SWIFT_OPTIMIZATION_LEVEL = "-O";
				VALIDATE_PRODUCT = YES;
			};
			name = Release;
		};
		659BBB9C21A50E3B009B8CA7 /* Debug */ = {
			isa = XCBuildConfiguration;
			baseConfigurationReference = 8AF1BB33E9B96254E5D78B4D /* Pods-SampleIOS.debug.xcconfig */;
			buildSettings = {
				ASSETCATALOG_COMPILER_APPICON_NAME = AppIcon;
				CODE_SIGN_STYLE = Automatic;
				INFOPLIST_FILE = SampleIOS/Info.plist;
				LD_RUNPATH_SEARCH_PATHS = (
					"$(inherited)",
					"@executable_path/Frameworks",
				);
				PRODUCT_BUNDLE_IDENTIFIER = gmail.raccoongury.SampleIOS;
				PRODUCT_NAME = "$(TARGET_NAME)";
				SWIFT_VERSION = 4.2;
				TARGETED_DEVICE_FAMILY = "1,2";
			};
			name = Debug;
		};
		659BBB9D21A50E3B009B8CA7 /* Release */ = {
			isa = XCBuildConfiguration;
			baseConfigurationReference = 2291E49A0D9C5D22AF38D0B2 /* Pods-SampleIOS.release.xcconfig */;
			buildSettings = {
				ASSETCATALOG_COMPILER_APPICON_NAME = AppIcon;
				CODE_SIGN_STYLE = Automatic;
				INFOPLIST_FILE = SampleIOS/Info.plist;
				LD_RUNPATH_SEARCH_PATHS = (
					"$(inherited)",
					"@executable_path/Frameworks",
				);
				PRODUCT_BUNDLE_IDENTIFIER = gmail.raccoongury.SampleIOS;
				PRODUCT_NAME = "$(TARGET_NAME)";
				SWIFT_VERSION = 4.2;
				TARGETED_DEVICE_FAMILY = "1,2";
			};
			name = Release;
		};
		659BBBB221A50E64009B8CA7 /* Debug */ = {
			isa = XCBuildConfiguration;
			baseConfigurationReference = 133D195E7EB8ECC5EC110F12 /* Pods-MemberManagement.debug.xcconfig */;
			buildSettings = {
				ASSETCATALOG_COMPILER_APPICON_NAME = AppIcon;
				CODE_SIGN_STYLE = Automatic;
				INFOPLIST_FILE = MemberManagement/Info.plist;
				LD_RUNPATH_SEARCH_PATHS = (
					"$(inherited)",
					"@executable_path/Frameworks",
				);
				PRODUCT_BUNDLE_IDENTIFIER = gmail.raccoongury.MemberManagement;
				PRODUCT_NAME = "$(TARGET_NAME)";
				SWIFT_VERSION = 4.2;
				TARGETED_DEVICE_FAMILY = "1,2";
			};
			name = Debug;
		};
		659BBBB321A50E64009B8CA7 /* Release */ = {
			isa = XCBuildConfiguration;
			baseConfigurationReference = 56C03493948913E2F2561C24 /* Pods-MemberManagement.release.xcconfig */;
			buildSettings = {
				ASSETCATALOG_COMPILER_APPICON_NAME = AppIcon;
				CODE_SIGN_STYLE = Automatic;
				INFOPLIST_FILE = MemberManagement/Info.plist;
				LD_RUNPATH_SEARCH_PATHS = (
					"$(inherited)",
					"@executable_path/Frameworks",
				);
				PRODUCT_BUNDLE_IDENTIFIER = gmail.raccoongury.MemberManagement;
				PRODUCT_NAME = "$(TARGET_NAME)";
				SWIFT_VERSION = 4.2;
				TARGETED_DEVICE_FAMILY = "1,2";
			};
			name = Release;
		};
/* End XCBuildConfiguration section */

/* Begin XCConfigurationList section */
		659BBB8421A50E3A009B8CA7 /* Build configuration list for PBXProject "SampleIOS" */ = {
			isa = XCConfigurationList;
			buildConfigurations = (
				659BBB9921A50E3B009B8CA7 /* Debug */,
				659BBB9A21A50E3B009B8CA7 /* Release */,
			);
			defaultConfigurationIsVisible = 0;
			defaultConfigurationName = Release;
		};
		659BBB9B21A50E3B009B8CA7 /* Build configuration list for PBXNativeTarget "SampleIOS" */ = {
			isa = XCConfigurationList;
			buildConfigurations = (
				659BBB9C21A50E3B009B8CA7 /* Debug */,
				659BBB9D21A50E3B009B8CA7 /* Release */,
			);
			defaultConfigurationIsVisible = 0;
			defaultConfigurationName = Release;
		};
		659BBBB121A50E64009B8CA7 /* Build configuration list for PBXNativeTarget "MemberManagement" */ = {
			isa = XCConfigurationList;
			buildConfigurations = (
				659BBBB221A50E64009B8CA7 /* Debug */,
				659BBBB321A50E64009B8CA7 /* Release */,
			);
			defaultConfigurationIsVisible = 0;
			defaultConfigurationName = Release;
		};
/* End XCConfigurationList section */
	};
	rootObject = 659BBB8121A50E3A009B8CA7 /* Project object */;
}
